# THIS IS AN AUTOGENERATED FILE. DO NOT EDIT THIS FILE DIRECTLY.
# yarn lockfile v1


"@datastructures-js/binary-search-tree@^5.0.0":
  version "5.0.2"
  resolved "https://registry.yarnpkg.com/@datastructures-js/binary-search-tree/-/binary-search-tree-5.0.2.tgz#f6d3cd19bd2a770752f6120717e05a980ae3e8bf"
  integrity sha512-zWbUxSU96gxiR9W5Hr3nRvvtx40sWy+T0OHRbgSV96XvoyRddiFnLd8459KO03/hJVS2ZzxylhNRhvRmoYf4YA==

"@datastructures-js/deque@^1.0.3":
  version "1.0.4"
  resolved "https://registry.yarnpkg.com/@datastructures-js/deque/-/deque-1.0.4.tgz#1cb95b0609ddbeb5591ac5c1784f49c6b339e58e"
  integrity sha512-zlgVSsxqiAd+scLUILvx8E887o+6kYds9/d4DCM/mFOuUITUlPG/r3u5iPZjzW3o6XPPi+p66p3Kf1+wFxYvLQ==

"@datastructures-js/graph@^5.1.4":
  version "5.3.0"
  resolved "https://registry.yarnpkg.com/@datastructures-js/graph/-/graph-5.3.0.tgz#62b9e9c84e9917ea2e594d369cd8978cf0af7991"
  integrity sha512-Owbn40ha2W22i6yGSTmOb7ppL6RZKCeFf9tVKqFVXClb5rWQgscHDIyuHXFcNkdlsrq3O0E7zvJ45O60/8m/mg==
  dependencies:
    "@datastructures-js/queue" "^3.1.3"

"@datastructures-js/heap@^4.1.0", "@datastructures-js/heap@^4.1.2":
  version "4.1.2"
  resolved "https://registry.yarnpkg.com/@datastructures-js/heap/-/heap-4.1.2.tgz#85a525f5715d89f22ca3b6e5a88b444f8a4f07d7"
  integrity sha512-Dl6MPPVXxzWsSQxIaV0sOpAx/B8r7RYUO5/GWe7GhG9v9P4QfZ1cgPSq+SoF0QJFhu9G9TmtPfRLHPWzL73GpQ==

"@datastructures-js/linked-list@^5.2.2":
  version "5.2.4"
  resolved "https://registry.yarnpkg.com/@datastructures-js/linked-list/-/linked-list-5.2.4.tgz#0d91c4184b7e45e222837d5b678cb95cb0a6ec19"
  integrity sha512-bCrDMBblU53Z2ayFKMCDgCd82wEE0ncItDwhfv25KNHWHPLAm2exeJkXUt99tnZ/o6kpHWBRom0XnppsJ/ZjTg==

"@datastructures-js/priority-queue@^6.1.1":
  version "6.1.4"
  resolved "https://registry.yarnpkg.com/@datastructures-js/priority-queue/-/priority-queue-6.1.4.tgz#e452111e539835a9fd76b3daee4870b073804112"
  integrity sha512-bYjnSSxrLjfrlnKeUID7sEzHbbtb8ENLhT/jQ4VoKTDUrJfupHr7cuaUtSFEQS1AsRCDQSaTgaNwmF8FUs9dwQ==
  dependencies:
    "@datastructures-js/heap" "^4.1.2"

"@datastructures-js/queue@^3.1.3":
  version "3.1.4"
  resolved "https://registry.npmjs.org/@datastructures-js/queue/-/queue-3.1.4.tgz"
  integrity sha512-8QqkdAJQDDd25OBX28lKj7HXD+Cxs6Ee0ogJkZUjD5R1fAvRAWsrCeKop0szqANYjMwdQQd75vyc3Cm8qNJH+Q==

"@datastructures-js/queue@^4.2.1":
  version "4.2.3"
  resolved "https://registry.yarnpkg.com/@datastructures-js/queue/-/queue-4.2.3.tgz#a63b155e2c1634c9b9d8fcd83969c7b3e143dff7"
  integrity sha512-GWVMorC/xi2V2ta+Z/CPgPGHL2ZJozcj48g7y2nIX5GIGZGRrbShSHgvMViJwHJurUzJYOdIdRZnWDRrROFwJA==

"@datastructures-js/set@^4.2.0":
  version "4.2.1"
  resolved "https://registry.yarnpkg.com/@datastructures-js/set/-/set-4.2.1.tgz#5ab4ed4de8d4bdb81abb730ee4871b0d4fd0821c"
  integrity sha512-qGJhgclFpV7JTPDEJ/ftrFmIf8s6t5Y9nhc5KffuPt0UjCVc1infAltX7R/XFEBF+f7RAqYl/NIZaOekvU88zg==

"@datastructures-js/stack@^3.1.3":
  version "3.1.4"
  resolved "https://registry.yarnpkg.com/@datastructures-js/stack/-/stack-3.1.4.tgz#c01d701b2aed1a30d576ef3d503440bb81e4d884"
  integrity sha512-+2+SOvKcNizQaR31AL1Sox4p5rvAlZfvXO9gi6qWrXMvLqb3S5/3t0ZRAefA0ZabQz0LCXOc8aTeHSWSOMrNCQ==

"@datastructures-js/trie@^4.2.1":
  version "4.2.2"
  resolved "https://registry.yarnpkg.com/@datastructures-js/trie/-/trie-4.2.2.tgz#a10c9204462517cfb941565165398a355681186e"
  integrity sha512-wZFXic9OLc+BgtnUYr0EIaAZLaPaNt0r1zjf2xJ5JhGwuK0w2vwlOMMj9RHgIeOY+UM0J76CcrmN/wn2LlEYkA==

datastructures-js@^12.0.0:
  version "12.0.0"
  resolved "https://registry.yarnpkg.com/datastructures-js/-/datastructures-js-12.0.0.tgz#04bb4cacd9c5296887625405c051d52b7f46dfa6"
  integrity sha512-IxgPUTpIxoABph09Io2UYpVWoPWogSt0zjdHotWF4Nt8pBTYcWLmk14JOks5TngQHSQb3aiBs4V9Imvv3nYbIg==
  dependencies:
    "@datastructures-js/binary-search-tree" "^5.0.0"
    "@datastructures-js/deque" "^1.0.3"
    "@datastructures-js/graph" "^5.1.4"
    "@datastructures-js/heap" "^4.1.0"
    "@datastructures-js/linked-list" "^5.2.2"
    "@datastructures-js/priority-queue" "^6.1.1"
    "@datastructures-js/queue" "^4.2.1"
    "@datastructures-js/set" "^4.2.0"
    "@datastructures-js/stack" "^3.1.3"
    "@datastructures-js/trie" "^4.2.1"

prettier-airbnb-config@^1.0.0:
  version "1.0.0"
  resolved "https://registry.yarnpkg.com/prettier-airbnb-config/-/prettier-airbnb-config-1.0.0.tgz#a070740d421b3a59ad31f032d467cfbb6fafc5d1"
  integrity sha512-FsEe38fJftYi19AskzuOWbw8zBnXDcZwv2Uw8BI65ROyK4hE6+iojXVFu+FiYNfrRBL+UZJbl2XGk56Ur2QGsA==

prettier@^2.5.1:
  version "2.5.1"
  resolved "https://registry.yarnpkg.com/prettier/-/prettier-2.5.1.tgz#fff75fa9d519c54cf0fce328c1017d94546bc56a"
  integrity sha512-vBZcPRUR5MZJwoyi3ZoyQlc1rXeEck8KgeC9AwwOn+exuxLxq5toTRDTSaVrXHxelDMHy9zlicw8u66yxoSUFg==
